Microsoft Visual Studio Solution File, Format Version 11.00
# Visual Studio 2008

Project("{F9ACC7BF-DCFA-27B0-AB89-BDD774C7C6F0}") = "Campos do Eden", "Assembly-CSharp.csproj", "{04112718-1CF1-2BC1-8E03-CD732EE0E797}"
EndProject
Global
	GlobalSection(SolutionConfigurationPlatforms) = preSolution
		Debug|Any CPU = Debug|Any CPU
		Release|Any CPU = Release|Any CPU
	EndGlobalSection
	GlobalSection(ProjectConfigurationPlatforms) = postSolution
		{04112718-1CF1-2BC1-8E03-CD732EE0E797}.Debug|Any CPU.ActiveCfg = Debug|Any CPU
		{04112718-1CF1-2BC1-8E03-CD732EE0E797}.Debug|Any CPU.Build.0 = Debug|Any CPU
		{04112718-1CF1-2BC1-8E03-CD732EE0E797}.Release|Any CPU.ActiveCfg = Release|Any CPU
		{04112718-1CF1-2BC1-8E03-CD732EE0E797}.Release|Any CPU.Build.0 = Release|Any CPU
	EndGlobalSection
	GlobalSection(SolutionProperties) = preSolution
		HideSolutionNode = FALSE
	EndGlobalSection
	GlobalSection(MonoDevelopProperties) = preSolution
		StartupItem = Assembly-CSharp.csproj
	EndGlobalSection
EndGlobal
