Microsoft Visual Studio Solution File, Format Version 11.00
# Visual Studio 2008

Project("{581D5965-B2BA-2E3C-A2D7-3105732B3C7D}") = "Campos do Éden", "Assembly-CSharp.csproj", "{4E9C6F3B-BE3A-1A64-1E60-4625E7682480}"
EndProject
Global
	GlobalSection(SolutionConfigurationPlatforms) = preSolution
		Debug|Any CPU = Debug|Any CPU
		Release|Any CPU = Release|Any CPU
	EndGlobalSection
	GlobalSection(ProjectConfigurationPlatforms) = postSolution
		{4E9C6F3B-BE3A-1A64-1E60-4625E7682480}.Debug|Any CPU.ActiveCfg = Debug|Any CPU
		{4E9C6F3B-BE3A-1A64-1E60-4625E7682480}.Debug|Any CPU.Build.0 = Debug|Any CPU
		{4E9C6F3B-BE3A-1A64-1E60-4625E7682480}.Release|Any CPU.ActiveCfg = Release|Any CPU
		{4E9C6F3B-BE3A-1A64-1E60-4625E7682480}.Release|Any CPU.Build.0 = Release|Any CPU
	EndGlobalSection
	GlobalSection(SolutionProperties) = preSolution
		HideSolutionNode = FALSE
	EndGlobalSection
	GlobalSection(MonoDevelopProperties) = preSolution
		StartupItem = Assembly-CSharp.csproj
	EndGlobalSection
EndGlobal
